
Microsoft Visual Studio Solution File, Format Version 12.00
# Visual Studio Version 17
VisualStudioVersion = 17.0.31903.59
MinimumVisualStudioVersion = 10.0.40219.1
Project("{2150E333-8FDC-42A3-9474-1A3956D46DE8}") = "src", "src", "{E53561EC-B711-458F-A39D-E4D4AF8B389E}"
EndProject
Project("{FAE04EC0-301F-11D3-BF4B-00C04F79EFBC}") = "FalyPet.Core", "src\FalyPet.Core\FalyPet.Core.csproj", "{692669CB-A44C-4A72-8058-6AC4020E44A7}"
EndProject
Project("{FAE04EC0-301F-11D3-BF4B-00C04F79EFBC}") = "FalyPet.App", "src\FalyPet.App\FalyPet.App.csproj", "{1C073D50-AA10-49D0-9B06-67501DA8F83F}"
EndProject
Project("{2150E333-8FDC-42A3-9474-1A3956D46DE8}") = "tests", "tests", "{E5BDD799-79AB-43CC-9404-861681D34C88}"
EndProject
Project("{FAE04EC0-301F-11D3-BF4B-00C04F79EFBC}") = "FalyPet.Core.Tests", "tests\FalyPet.Core.Tests\FalyPet.Core.Tests.csproj", "{0FE1F559-205E-4C0B-AD90-0B250FCC37FB}"
EndProject
Global
	GlobalSection(SolutionConfigurationPlatforms) = preSolution
		Debug|Any CPU = Debug|Any CPU
		Release|Any CPU = Release|Any CPU
	EndGlobalSection
	GlobalSection(SolutionProperties) = preSolution
		HideSolutionNode = FALSE
	EndGlobalSection
	GlobalSection(ProjectConfigurationPlatforms) = postSolution
		{692669CB-A44C-4A72-8058-6AC4020E44A7}.Debug|Any CPU.ActiveCfg = Debug|Any CPU
		{692669CB-A44C-4A72-8058-6AC4020E44A7}.Debug|Any CPU.Build.0 = Debug|Any CPU
		{692669CB-A44C-4A72-8058-6AC4020E44A7}.Release|Any CPU.ActiveCfg = Release|Any CPU
		{692669CB-A44C-4A72-8058-6AC4020E44A7}.Release|Any CPU.Build.0 = Release|Any CPU
		{1C073D50-AA10-49D0-9B06-67501DA8F83F}.Debug|Any CPU.ActiveCfg = Debug|Any CPU
		{1C073D50-AA10-49D0-9B06-67501DA8F83F}.Debug|Any CPU.Build.0 = Debug|Any CPU
		{1C073D50-AA10-49D0-9B06-67501DA8F83F}.Release|Any CPU.ActiveCfg = Release|Any CPU
		{1C073D50-AA10-49D0-9B06-67501DA8F83F}.Release|Any CPU.Build.0 = Release|Any CPU
		{0FE1F559-205E-4C0B-AD90-0B250FCC37FB}.Debug|Any CPU.ActiveCfg = Debug|Any CPU
		{0FE1F559-205E-4C0B-AD90-0B250FCC37FB}.Debug|Any CPU.Build.0 = Debug|Any CPU
		{0FE1F559-205E-4C0B-AD90-0B250FCC37FB}.Release|Any CPU.ActiveCfg = Release|Any CPU
		{0FE1F559-205E-4C0B-AD90-0B250FCC37FB}.Release|Any CPU.Build.0 = Release|Any CPU
	EndGlobalSection
	GlobalSection(NestedProjects) = preSolution
		{692669CB-A44C-4A72-8058-6AC4020E44A7} = {E53561EC-B711-458F-A39D-E4D4AF8B389E}
		{1C073D50-AA10-49D0-9B06-67501DA8F83F} = {E53561EC-B711-458F-A39D-E4D4AF8B389E}
		{0FE1F559-205E-4C0B-AD90-0B250FCC37FB} = {E5BDD799-79AB-43CC-9404-861681D34C88}
	EndGlobalSection
EndGlobal
